
Microsoft Visual Studio Solution File, Format Version 12.00
# Visual Studio Version 16
VisualStudioVersion = 16.0.28729.10
MinimumVisualStudioVersion = 10.0.40219.1
Project("{F184B08F-C81C-45F6-A57F-5ABD9991F28F}") = "Proyecto Domino", "Proyecto Domino\Proyecto Domino.vbproj", "{EA492AEA-D0C1-4D76-A28A-4B934A7AA9AF}"
EndProject
Global
	GlobalSection(SolutionConfigurationPlatforms) = preSolution
		Debug|Any CPU = Debug|Any CPU
		Release|Any CPU = Release|Any CPU
	EndGlobalSection
	GlobalSection(ProjectConfigurationPlatforms) = postSolution
		{EA492AEA-D0C1-4D76-A28A-4B934A7AA9AF}.Debug|Any CPU.ActiveCfg = Debug|Any CPU
		{EA492AEA-D0C1-4D76-A28A-4B934A7AA9AF}.Debug|Any CPU.Build.0 = Debug|Any CPU
		{EA492AEA-D0C1-4D76-A28A-4B934A7AA9AF}.Release|Any CPU.ActiveCfg = Release|Any CPU
		{EA492AEA-D0C1-4D76-A28A-4B934A7AA9AF}.Release|Any CPU.Build.0 = Release|Any CPU
	EndGlobalSection
	GlobalSection(SolutionProperties) = preSolution
		HideSolutionNode = FALSE
	EndGlobalSection
	GlobalSection(ExtensibilityGlobals) = postSolution
		SolutionGuid = {000B800B-60CC-4510-A622-585253673A73}
	EndGlobalSection
EndGlobal
